// !$*UTF8*$!
{
	archiveVersion = 1;
	classes = {
	};
	objectVersion = 56;
	objects = {

/* Begin PBXBuildFile section */
		AF3E4E892C4CCB8B00C942F2 /* Hero.h in Headers */ = {isa = PBXBuildFile; fileRef = AF3E4E882C4CCB8B00C942F2 /* Hero.h */; settings = {ATTRIBUTES = (Public, ); }; };
		AF3E4E9A2C4CCD4500C942F2 /* HeroIOS.h in Headers */ = {isa = PBXBuildFile; fileRef = AF3E4E992C4CCD4500C942F2 /* HeroIOS.h */; settings = {ATTRIBUTES = (Public, ); }; };
		AF3E4EAC2C4CD2AB00C942F2 /* HeroLoader.swift in Sources */ = {isa = PBXBuildFile; fileRef = AF3E4EAB2C4CD2AB00C942F2 /* HeroLoader.swift */; };
		AF3E4EAE2C4CD2C800C942F2 /* HeroItem.swift in Sources */ = {isa = PBXBuildFile; fileRef = AF3E4EAD2C4CD2C800C942F2 /* HeroItem.swift */; };
		AF3E4EB02C4CD30700C942F2 /* HeroEndpoint.swift in Sources */ = {isa = PBXBuildFile; fileRef = AF3E4EAF2C4CD30700C942F2 /* HeroEndpoint.swift */; };
		AF3E4EB22C4CD31900C942F2 /* HeroMapper.swift in Sources */ = {isa = PBXBuildFile; fileRef = AF3E4EB12C4CD31900C942F2 /* HeroMapper.swift */; };
		AF3E4EB52C4CD34900C942F2 /* Networking.framework in Frameworks */ = {isa = PBXBuildFile; fileRef = AF3E4EB42C4CD34900C942F2 /* Networking.framework */; };
		AF3E4EB92C4CD37B00C942F2 /* RemoteHeroLoader.swift in Sources */ = {isa = PBXBuildFile; fileRef = AF3E4EB82C4CD37B00C942F2 /* RemoteHeroLoader.swift */; };
		AF3E4EBB2C4CD38B00C942F2 /* CacheHeroLoader.swift in Sources */ = {isa = PBXBuildFile; fileRef = AF3E4EBA2C4CD38B00C942F2 /* CacheHeroLoader.swift */; };
		AF3E4EBD2C4CD3AC00C942F2 /* HeroLoaderComposite.swift in Sources */ = {isa = PBXBuildFile; fileRef = AF3E4EBC2C4CD3AC00C942F2 /* HeroLoaderComposite.swift */; };
		AF3E4EBF2C4CD3C000C942F2 /* HeroLoaderFactory.swift in Sources */ = {isa = PBXBuildFile; fileRef = AF3E4EBE2C4CD3C000C942F2 /* HeroLoaderFactory.swift */; };
		AF3E4EC12C4CD3CE00C942F2 /* Shared.framework in Frameworks */ = {isa = PBXBuildFile; fileRef = AF3E4EC02C4CD3CE00C942F2 /* Shared.framework */; };
		AF3E4EC52C4CD3EF00C942F2 /* Shared.framework in Frameworks */ = {isa = PBXBuildFile; fileRef = AF3E4EC42C4CD3EF00C942F2 /* Shared.framework */; };
		AF3E4EC82C4CD3F200C942F2 /* Hero.framework in Frameworks */ = {isa = PBXBuildFile; fileRef = AF3E4E852C4CCB8B00C942F2 /* Hero.framework */; };
		AF3E4ECD2C4CD40100C942F2 /* HeroController.swift in Sources */ = {isa = PBXBuildFile; fileRef = AF3E4ECC2C4CD40100C942F2 /* HeroController.swift */; };
		AF3E4ECF2C4CD41000C942F2 /* HeroView.swift in Sources */ = {isa = PBXBuildFile; fileRef = AF3E4ECE2C4CD41000C942F2 /* HeroView.swift */; };
		AF3E4ED12C4CD45600C942F2 /* HeroPresenter.swift in Sources */ = {isa = PBXBuildFile; fileRef = AF3E4ED02C4CD45600C942F2 /* HeroPresenter.swift */; };
		AF3E4ED32C4CD71500C942F2 /* HeroCollectionCell.swift in Sources */ = {isa = PBXBuildFile; fileRef = AF3E4ED22C4CD71500C942F2 /* HeroCollectionCell.swift */; };
		AF3E4ED52C4CD72500C942F2 /* HeroRoleCollectionCell.swift in Sources */ = {isa = PBXBuildFile; fileRef = AF3E4ED42C4CD72500C942F2 /* HeroRoleCollectionCell.swift */; };
		AF3E4ED82C4D493000C942F2 /* HeroRoleItemCollectionCell.swift in Sources */ = {isa = PBXBuildFile; fileRef = AF3E4ED72C4D493000C942F2 /* HeroRoleItemCollectionCell.swift */; };
		AF3E4EDC2C4D510E00C942F2 /* HeroItemCollectionCell.swift in Sources */ = {isa = PBXBuildFile; fileRef = AF3E4EDB2C4D510E00C942F2 /* HeroItemCollectionCell.swift */; };
		AF3E4EDF2C4D533900C942F2 /* Kingfisher in Frameworks */ = {isa = PBXBuildFile; productRef = AF3E4EDE2C4D533900C942F2 /* Kingfisher */; };
/* End PBXBuildFile section */

/* Begin PBXContainerItemProxy section */
		AF3E4ECA2C4CD3F200C942F2 /* PBXContainerItemProxy */ = {
			isa = PBXContainerItemProxy;
			containerPortal = AF3E4E7C2C4CCB8B00C942F2 /* Project object */;
			proxyType = 1;
			remoteGlobalIDString = AF3E4E842C4CCB8B00C942F2;
			remoteInfo = Hero;
		};
/* End PBXContainerItemProxy section */

/* Begin PBXFileReference section */
		AF3E4E852C4CCB8B00C942F2 /* Hero.framework */ = {isa = PBXFileReference; explicitFileType = wrapper.framework; includeInIndex = 0; path = Hero.framework; sourceTree = BUILT_PRODUCTS_DIR; };
		AF3E4E882C4CCB8B00C942F2 /* Hero.h */ = {isa = PBXFileReference; lastKnownFileType = sourcecode.c.h; path = Hero.h; sourceTree = "<group>"; };
		AF3E4E972C4CCD4500C942F2 /* HeroIOS.framework */ = {isa = PBXFileReference; explicitFileType = wrapper.framework; includeInIndex = 0; path = HeroIOS.framework; sourceTree = BUILT_PRODUCTS_DIR; };
		AF3E4E992C4CCD4500C942F2 /* HeroIOS.h */ = {isa = PBXFileReference; lastKnownFileType = sourcecode.c.h; path = HeroIOS.h; sourceTree = "<group>"; };
		AF3E4EAB2C4CD2AB00C942F2 /* HeroLoader.swift */ = {isa = PBXFileReference; lastKnownFileType = sourcecode.swift; path = HeroLoader.swift; sourceTree = "<group>"; };
		AF3E4EAD2C4CD2C800C942F2 /* HeroItem.swift */ = {isa = PBXFileReference; lastKnownFileType = sourcecode.swift; path = HeroItem.swift; sourceTree = "<group>"; };
		AF3E4EAF2C4CD30700C942F2 /* HeroEndpoint.swift */ = {isa = PBXFileReference; lastKnownFileType = sourcecode.swift; path = HeroEndpoint.swift; sourceTree = "<group>"; };
		AF3E4EB12C4CD31900C942F2 /* HeroMapper.swift */ = {isa = PBXFileReference; lastKnownFileType = sourcecode.swift; path = HeroMapper.swift; sourceTree = "<group>"; };
		AF3E4EB42C4CD34900C942F2 /* Networking.framework */ = {isa = PBXFileReference; explicitFileType = wrapper.framework; path = Networking.framework; sourceTree = BUILT_PRODUCTS_DIR; };
		AF3E4EB82C4CD37B00C942F2 /* RemoteHeroLoader.swift */ = {isa = PBXFileReference; lastKnownFileType = sourcecode.swift; path = RemoteHeroLoader.swift; sourceTree = "<group>"; };
		AF3E4EBA2C4CD38B00C942F2 /* CacheHeroLoader.swift */ = {isa = PBXFileReference; lastKnownFileType = sourcecode.swift; path = CacheHeroLoader.swift; sourceTree = "<group>"; };
		AF3E4EBC2C4CD3AC00C942F2 /* HeroLoaderComposite.swift */ = {isa = PBXFileReference; lastKnownFileType = sourcecode.swift; path = HeroLoaderComposite.swift; sourceTree = "<group>"; };
		AF3E4EBE2C4CD3C000C942F2 /* HeroLoaderFactory.swift */ = {isa = PBXFileReference; lastKnownFileType = sourcecode.swift; path = HeroLoaderFactory.swift; sourceTree = "<group>"; };
		AF3E4EC02C4CD3CE00C942F2 /* Shared.framework */ = {isa = PBXFileReference; explicitFileType = wrapper.framework; path = Shared.framework; sourceTree = BUILT_PRODUCTS_DIR; };
		AF3E4EC42C4CD3EF00C942F2 /* Shared.framework */ = {isa = PBXFileReference; explicitFileType = wrapper.framework; path = Shared.framework; sourceTree = BUILT_PRODUCTS_DIR; };
		AF3E4ECC2C4CD40100C942F2 /* HeroController.swift */ = {isa = PBXFileReference; lastKnownFileType = sourcecode.swift; path = HeroController.swift; sourceTree = "<group>"; };
		AF3E4ECE2C4CD41000C942F2 /* HeroView.swift */ = {isa = PBXFileReference; lastKnownFileType = sourcecode.swift; path = HeroView.swift; sourceTree = "<group>"; };
		AF3E4ED02C4CD45600C942F2 /* HeroPresenter.swift */ = {isa = PBXFileReference; lastKnownFileType = sourcecode.swift; path = HeroPresenter.swift; sourceTree = "<group>"; };
		AF3E4ED22C4CD71500C942F2 /* HeroCollectionCell.swift */ = {isa = PBXFileReference; lastKnownFileType = sourcecode.swift; path = HeroCollectionCell.swift; sourceTree = "<group>"; };
		AF3E4ED42C4CD72500C942F2 /* HeroRoleCollectionCell.swift */ = {isa = PBXFileReference; lastKnownFileType = sourcecode.swift; path = HeroRoleCollectionCell.swift; sourceTree = "<group>"; };
		AF3E4ED72C4D493000C942F2 /* HeroRoleItemCollectionCell.swift */ = {isa = PBXFileReference; lastKnownFileType = sourcecode.swift; path = HeroRoleItemCollectionCell.swift; sourceTree = "<group>"; };
		AF3E4EDB2C4D510E00C942F2 /* HeroItemCollectionCell.swift */ = {isa = PBXFileReference; lastKnownFileType = sourcecode.swift; path = HeroItemCollectionCell.swift; sourceTree = "<group>"; };
/* End PBXFileReference section */

/* Begin PBXFrameworksBuildPhase section */
		AF3E4E822C4CCB8B00C942F2 /* Frameworks */ = {
			isa = PBXFrameworksBuildPhase;
			buildActionMask = 2147483647;
			files = (
				AF3E4EB52C4CD34900C942F2 /* Networking.framework in Frameworks */,
				AF3E4EC12C4CD3CE00C942F2 /* Shared.framework in Frameworks */,
			);
			runOnlyForDeploymentPostprocessing = 0;
		};
		AF3E4E942C4CCD4500C942F2 /* Frameworks */ = {
			isa = PBXFrameworksBuildPhase;
			buildActionMask = 2147483647;
			files = (
				AF3E4EDF2C4D533900C942F2 /* Kingfisher in Frameworks */,
				AF3E4EC82C4CD3F200C942F2 /* Hero.framework in Frameworks */,
				AF3E4EC52C4CD3EF00C942F2 /* Shared.framework in Frameworks */,
			);
			runOnlyForDeploymentPostprocessing = 0;
		};
/* End PBXFrameworksBuildPhase section */

/* Begin PBXGroup section */
		AF3E4E7B2C4CCB8B00C942F2 = {
			isa = PBXGroup;
			children = (
				AF3E4E872C4CCB8B00C942F2 /* Hero */,
				AF3E4E982C4CCD4500C942F2 /* HeroIOS */,
				AF3E4E862C4CCB8B00C942F2 /* Products */,
				AF3E4EB32C4CD34900C942F2 /* Frameworks */,
			);
			sourceTree = "<group>";
		};
		AF3E4E862C4CCB8B00C942F2 /* Products */ = {
			isa = PBXGroup;
			children = (
				AF3E4E852C4CCB8B00C942F2 /* Hero.framework */,
				AF3E4E972C4CCD4500C942F2 /* HeroIOS.framework */,
			);
			name = Products;
			sourceTree = "<group>";
		};
		AF3E4E872C4CCB8B00C942F2 /* Hero */ = {
			isa = PBXGroup;
			children = (
				AF3E4E8F2C4CCBAA00C942F2 /* Sources */,
				AF3E4E882C4CCB8B00C942F2 /* Hero.h */,
			);
			path = Hero;
			sourceTree = "<group>";
		};
		AF3E4E8F2C4CCBAA00C942F2 /* Sources */ = {
			isa = PBXGroup;
			children = (
				AF3E4E912C4CCC4E00C942F2 /* API */,
				AF3E4E902C4CCC4800C942F2 /* Feature */,
				AF3E4EBC2C4CD3AC00C942F2 /* HeroLoaderComposite.swift */,
				AF3E4EBE2C4CD3C000C942F2 /* HeroLoaderFactory.swift */,
			);
			path = Sources;
			sourceTree = "<group>";
		};
		AF3E4E902C4CCC4800C942F2 /* Feature */ = {
			isa = PBXGroup;
			children = (
				E8A47E6C258083854616F1DB /* Model */,
				AF3E4EAB2C4CD2AB00C942F2 /* HeroLoader.swift */,
			);
			path = Feature;
			sourceTree = "<group>";
		};
		AF3E4E912C4CCC4E00C942F2 /* API */ = {
			isa = PBXGroup;
			children = (
				AF3E4EAF2C4CD30700C942F2 /* HeroEndpoint.swift */,
				AF3E4EB12C4CD31900C942F2 /* HeroMapper.swift */,
				AF3E4EB82C4CD37B00C942F2 /* RemoteHeroLoader.swift */,
				AF3E4EBA2C4CD38B00C942F2 /* CacheHeroLoader.swift */,
			);
			path = API;
			sourceTree = "<group>";
		};
		AF3E4E982C4CCD4500C942F2 /* HeroIOS */ = {
			isa = PBXGroup;
			children = (
				AF3E4E9E2C4CCD5000C942F2 /* Sources */,
				AF3E4E992C4CCD4500C942F2 /* HeroIOS.h */,
			);
			path = HeroIOS;
			sourceTree = "<group>";
		};
		AF3E4E9E2C4CCD5000C942F2 /* Sources */ = {
			isa = PBXGroup;
			children = (
				E8A47285AAF9F8749A851E5A /* Controllers */,
				E8A47EBE68D66CE0056E1FCE /* Views */,
				E8A4720C39EE2EB96BC51C4D /* Presenter */,
			);
			path = Sources;
			sourceTree = "<group>";
		};
		AF3E4EB32C4CD34900C942F2 /* Frameworks */ = {
			isa = PBXGroup;
			children = (
				AF3E4EC42C4CD3EF00C942F2 /* Shared.framework */,
				AF3E4EC02C4CD3CE00C942F2 /* Shared.framework */,
				AF3E4EB42C4CD34900C942F2 /* Networking.framework */,
			);
			name = Frameworks;
			sourceTree = "<group>";
		};
		AF3E4ED62C4D492400C942F2 /* Item */ = {
			isa = PBXGroup;
			children = (
				AF3E4EDB2C4D510E00C942F2 /* HeroItemCollectionCell.swift */,
				AF3E4ED72C4D493000C942F2 /* HeroRoleItemCollectionCell.swift */,
			);
			path = Item;
			sourceTree = "<group>";
		};
		E8A4720C39EE2EB96BC51C4D /* Presenter */ = {
			isa = PBXGroup;
			children = (
				AF3E4ED02C4CD45600C942F2 /* HeroPresenter.swift */,
			);
			path = Presenter;
			sourceTree = "<group>";
		};
		E8A47285AAF9F8749A851E5A /* Controllers */ = {
			isa = PBXGroup;
			children = (
				AF3E4ECC2C4CD40100C942F2 /* HeroController.swift */,
			);
			path = Controllers;
			sourceTree = "<group>";
		};
		E8A477AB23BC6680BBF3FB40 /* Collection */ = {
			isa = PBXGroup;
			children = (
				AF3E4ED62C4D492400C942F2 /* Item */,
				AF3E4ED22C4CD71500C942F2 /* HeroCollectionCell.swift */,
				AF3E4ED42C4CD72500C942F2 /* HeroRoleCollectionCell.swift */,
			);
			path = Collection;
			sourceTree = "<group>";
		};
		E8A47E6C258083854616F1DB /* Model */ = {
			isa = PBXGroup;
			children = (
				AF3E4EAD2C4CD2C800C942F2 /* HeroItem.swift */,
			);
			path = Model;
			sourceTree = "<group>";
		};
		E8A47EBE68D66CE0056E1FCE /* Views */ = {
			isa = PBXGroup;
			children = (
				AF3E4ECE2C4CD41000C942F2 /* HeroView.swift */,
				E8A477AB23BC6680BBF3FB40 /* Collection */,
			);
			path = Views;
			sourceTree = "<group>";
		};
/* End PBXGroup section */

/* Begin PBXHeadersBuildPhase section */
		AF3E4E802C4CCB8B00C942F2 /* Headers */ = {
			isa = PBXHeadersBuildPhase;
			buildActionMask = 2147483647;
			files = (
				AF3E4E892C4CCB8B00C942F2 /* Hero.h in Headers */,
			);
			runOnlyForDeploymentPostprocessing = 0;
		};
		AF3E4E922C4CCD4500C942F2 /* Headers */ = {
			isa = PBXHeadersBuildPhase;
			buildActionMask = 2147483647;
			files = (
				AF3E4E9A2C4CCD4500C942F2 /* HeroIOS.h in Headers */,
			);
			runOnlyForDeploymentPostprocessing = 0;
		};
/* End PBXHeadersBuildPhase section */

/* Begin PBXNativeTarget section */
		AF3E4E842C4CCB8B00C942F2 /* Hero */ = {
			isa = PBXNativeTarget;
			buildConfigurationList = AF3E4E8C2C4CCB8B00C942F2 /* Build configuration list for PBXNativeTarget "Hero" */;
			buildPhases = (
				AF3E4E802C4CCB8B00C942F2 /* Headers */,
				AF3E4E812C4CCB8B00C942F2 /* Sources */,
				AF3E4E822C4CCB8B00C942F2 /* Frameworks */,
				AF3E4E832C4CCB8B00C942F2 /* Resources */,
			);
			buildRules = (
			);
			dependencies = (
			);
			name = Hero;
			productName = Hero;
			productReference = AF3E4E852C4CCB8B00C942F2 /* Hero.framework */;
			productType = "com.apple.product-type.framework";
		};
		AF3E4E962C4CCD4500C942F2 /* HeroIOS */ = {
			isa = PBXNativeTarget;
			buildConfigurationList = AF3E4E9B2C4CCD4500C942F2 /* Build configuration list for PBXNativeTarget "HeroIOS" */;
			buildPhases = (
				AF3E4E922C4CCD4500C942F2 /* Headers */,
				AF3E4E932C4CCD4500C942F2 /* Sources */,
				AF3E4E942C4CCD4500C942F2 /* Frameworks */,
				AF3E4E952C4CCD4500C942F2 /* Resources */,
			);
			buildRules = (
			);
			dependencies = (
				AF3E4ECB2C4CD3F200C942F2 /* PBXTargetDependency */,
			);
			name = HeroIOS;
			packageProductDependencies = (
				AF3E4EDE2C4D533900C942F2 /* Kingfisher */,
			);
			productName = HeroIOS;
			productReference = AF3E4E972C4CCD4500C942F2 /* HeroIOS.framework */;
			productType = "com.apple.product-type.framework";
		};
/* End PBXNativeTarget section */

/* Begin PBXProject section */
		AF3E4E7C2C4CCB8B00C942F2 /* Project object */ = {
			isa = PBXProject;
			attributes = {
				BuildIndependentTargetsInParallel = 1;
				LastUpgradeCheck = 1540;
				TargetAttributes = {
					AF3E4E842C4CCB8B00C942F2 = {
						CreatedOnToolsVersion = 15.4;
						LastSwiftMigration = 1540;
					};
					AF3E4E962C4CCD4500C942F2 = {
						CreatedOnToolsVersion = 15.4;
						LastSwiftMigration = 1540;
					};
				};
			};
			buildConfigurationList = AF3E4E7F2C4CCB8B00C942F2 /* Build configuration list for PBXProject "Hero" */;
			compatibilityVersion = "Xcode 14.0";
			developmentRegion = en;
			hasScannedForEncodings = 0;
			knownRegions = (
				en,
				Base,
			);
			mainGroup = AF3E4E7B2C4CCB8B00C942F2;
			packageReferences = (
				AF3E4EDD2C4D533900C942F2 /* XCRemoteSwiftPackageReference "Kingfisher" */,
			);
			productRefGroup = AF3E4E862C4CCB8B00C942F2 /* Products */;
			projectDirPath = "";
			projectRoot = "";
			targets = (
				AF3E4E842C4CCB8B00C942F2 /* Hero */,
				AF3E4E962C4CCD4500C942F2 /* HeroIOS */,
			);
		};
/* End PBXProject section */

/* Begin PBXResourcesBuildPhase section */
		AF3E4E832C4CCB8B00C942F2 /* Resources */ = {
			isa = PBXResourcesBuildPhase;
			buildActionMask = 2147483647;
			files = (
			);
			runOnlyForDeploymentPostprocessing = 0;
		};
		AF3E4E952C4CCD4500C942F2 /* Resources */ = {
			isa = PBXResourcesBuildPhase;
			buildActionMask = 2147483647;
			files = (
			);
			runOnlyForDeploymentPostprocessing = 0;
		};
/* End PBXResourcesBuildPhase section */

/* Begin PBXSourcesBuildPhase section */
		AF3E4E812C4CCB8B00C942F2 /* Sources */ = {
			isa = PBXSourcesBuildPhase;
			buildActionMask = 2147483647;
			files = (
				AF3E4EAC2C4CD2AB00C942F2 /* HeroLoader.swift in Sources */,
				AF3E4EB02C4CD30700C942F2 /* HeroEndpoint.swift in Sources */,
				AF3E4EB92C4CD37B00C942F2 /* RemoteHeroLoader.swift in Sources */,
				AF3E4EBB2C4CD38B00C942F2 /* CacheHeroLoader.swift in Sources */,
				AF3E4EBD2C4CD3AC00C942F2 /* HeroLoaderComposite.swift in Sources */,
				AF3E4EB22C4CD31900C942F2 /* HeroMapper.swift in Sources */,
				AF3E4EAE2C4CD2C800C942F2 /* HeroItem.swift in Sources */,
				AF3E4EBF2C4CD3C000C942F2 /* HeroLoaderFactory.swift in Sources */,
			);
			runOnlyForDeploymentPostprocessing = 0;
		};
		AF3E4E932C4CCD4500C942F2 /* Sources */ = {
			isa = PBXSourcesBuildPhase;
			buildActionMask = 2147483647;
			files = (
				AF3E4ED82C4D493000C942F2 /* HeroRoleItemCollectionCell.swift in Sources */,
				AF3E4ED52C4CD72500C942F2 /* HeroRoleCollectionCell.swift in Sources */,
				AF3E4ED12C4CD45600C942F2 /* HeroPresenter.swift in Sources */,
				AF3E4ED32C4CD71500C942F2 /* HeroCollectionCell.swift in Sources */,
				AF3E4ECF2C4CD41000C942F2 /* HeroView.swift in Sources */,
				AF3E4ECD2C4CD40100C942F2 /* HeroController.swift in Sources */,
				AF3E4EDC2C4D510E00C942F2 /* HeroItemCollectionCell.swift in Sources */,
			);
			runOnlyForDeploymentPostprocessing = 0;
		};
/* End PBXSourcesBuildPhase section */

/* Begin PBXTargetDependency section */
		AF3E4ECB2C4CD3F200C942F2 /* PBXTargetDependency */ = {
			isa = PBXTargetDependency;
			target = AF3E4E842C4CCB8B00C942F2 /* Hero */;
			targetProxy = AF3E4ECA2C4CD3F200C942F2 /* PBXContainerItemProxy */;
		};
/* End PBXTargetDependency section */

/* Begin XCBuildConfiguration section */
		AF3E4E8A2C4CCB8B00C942F2 /* Debug */ = {
			isa = XCBuildConfiguration;
			buildSettings = {
				ALWAYS_SEARCH_USER_PATHS = NO;
				ASSETCATALOG_COMPILER_GENERATE_SWIFT_ASSET_SYMBOL_EXTENSIONS = YES;
				CLANG_ANALYZER_NONNULL = YES;
				CLANG_ANALYZER_NUMBER_OBJECT_CONVERSION = YES_AGGRESSIVE;
				CLANG_CXX_LANGUAGE_STANDARD = "gnu++20";
				CLANG_ENABLE_MODULES = YES;
				CLANG_ENABLE_OBJC_ARC = YES;
				CLANG_ENABLE_OBJC_WEAK = YES;
				CLANG_WARN_BLOCK_CAPTURE_AUTORELEASING = YES;
				CLANG_WARN_BOOL_CONVERSION = YES;
				CLANG_WARN_COMMA = YES;
				CLANG_WARN_CONSTANT_CONVERSION = YES;
				CLANG_WARN_DEPRECATED_OBJC_IMPLEMENTATIONS = YES;
				CLANG_WARN_DIRECT_OBJC_ISA_USAGE = YES_ERROR;
				CLANG_WARN_DOCUMENTATION_COMMENTS = YES;
				CLANG_WARN_EMPTY_BODY = YES;
				CLANG_WARN_ENUM_CONVERSION = YES;
				CLANG_WARN_INFINITE_RECURSION = YES;
				CLANG_WARN_INT_CONVERSION = YES;
				CLANG_WARN_NON_LITERAL_NULL_CONVERSION = YES;
				CLANG_WARN_OBJC_IMPLICIT_RETAIN_SELF = YES;
				CLANG_WARN_OBJC_LITERAL_CONVERSION = YES;
				CLANG_WARN_OBJC_ROOT_CLASS = YES_ERROR;
				CLANG_WARN_QUOTED_INCLUDE_IN_FRAMEWORK_HEADER = YES;
				CLANG_WARN_RANGE_LOOP_ANALYSIS = YES;
				CLANG_WARN_STRICT_PROTOTYPES = YES;
				CLANG_WARN_SUSPICIOUS_MOVE = YES;
				CLANG_WARN_UNGUARDED_AVAILABILITY = YES_AGGRESSIVE;
				CLANG_WARN_UNREACHABLE_CODE = YES;
				CLANG_WARN__DUPLICATE_METHOD_MATCH = YES;
				COPY_PHASE_STRIP = NO;
				CURRENT_PROJECT_VERSION = 1;
				DEBUG_INFORMATION_FORMAT = dwarf;
				ENABLE_STRICT_OBJC_MSGSEND = YES;
				ENABLE_TESTABILITY = YES;
				ENABLE_USER_SCRIPT_SANDBOXING = YES;
				GCC_C_LANGUAGE_STANDARD = gnu17;
				GCC_DYNAMIC_NO_PIC = NO;
				GCC_NO_COMMON_BLOCKS = YES;
				GCC_OPTIMIZATION_LEVEL = 0;
				GCC_PREPROCESSOR_DEFINITIONS = (
					"DEBUG=1",
					"$(inherited)",
				);
				GCC_WARN_64_TO_32_BIT_CONVERSION = YES;
				GCC_WARN_ABOUT_RETURN_TYPE = YES_ERROR;
				GCC_WARN_UNDECLARED_SELECTOR = YES;
				GCC_WARN_UNINITIALIZED_AUTOS = YES_AGGRESSIVE;
				GCC_WARN_UNUSED_FUNCTION = YES;
				GCC_WARN_UNUSED_VARIABLE = YES;
				IPHONEOS_DEPLOYMENT_TARGET = 17.5;
				LOCALIZATION_PREFERS_STRING_CATALOGS = YES;
				MTL_ENABLE_DEBUG_INFO = INCLUDE_SOURCE;
				MTL_FAST_MATH = YES;
				ONLY_ACTIVE_ARCH = YES;
				SDKROOT = iphoneos;
				SWIFT_ACTIVE_COMPILATION_CONDITIONS = "DEBUG $(inherited)";
				SWIFT_OPTIMIZATION_LEVEL = "-Onone";
				VERSIONING_SYSTEM = "apple-generic";
				VERSION_INFO_PREFIX = "";
			};
			name = Debug;
		};
		AF3E4E8B2C4CCB8B00C942F2 /* Release */ = {
			isa = XCBuildConfiguration;
			buildSettings = {
				ALWAYS_SEARCH_USER_PATHS = NO;
				ASSETCATALOG_COMPILER_GENERATE_SWIFT_ASSET_SYMBOL_EXTENSIONS = YES;
				CLANG_ANALYZER_NONNULL = YES;
				CLANG_ANALYZER_NUMBER_OBJECT_CONVERSION = YES_AGGRESSIVE;
				CLANG_CXX_LANGUAGE_STANDARD = "gnu++20";
				CLANG_ENABLE_MODULES = YES;
				CLANG_ENABLE_OBJC_ARC = YES;
				CLANG_ENABLE_OBJC_WEAK = YES;
				CLANG_WARN_BLOCK_CAPTURE_AUTORELEASING = YES;
				CLANG_WARN_BOOL_CONVERSION = YES;
				CLANG_WARN_COMMA = YES;
				CLANG_WARN_CONSTANT_CONVERSION = YES;
				CLANG_WARN_DEPRECATED_OBJC_IMPLEMENTATIONS = YES;
				CLANG_WARN_DIRECT_OBJC_ISA_USAGE = YES_ERROR;
				CLANG_WARN_DOCUMENTATION_COMMENTS = YES;
				CLANG_WARN_EMPTY_BODY = YES;
				CLANG_WARN_ENUM_CONVERSION = YES;
				CLANG_WARN_INFINITE_RECURSION = YES;
				CLANG_WARN_INT_CONVERSION = YES;
				CLANG_WARN_NON_LITERAL_NULL_CONVERSION = YES;
				CLANG_WARN_OBJC_IMPLICIT_RETAIN_SELF = YES;
				CLANG_WARN_OBJC_LITERAL_CONVERSION = YES;
				CLANG_WARN_OBJC_ROOT_CLASS = YES_ERROR;
				CLANG_WARN_QUOTED_INCLUDE_IN_FRAMEWORK_HEADER = YES;
				CLANG_WARN_RANGE_LOOP_ANALYSIS = YES;
				CLANG_WARN_STRICT_PROTOTYPES = YES;
				CLANG_WARN_SUSPICIOUS_MOVE = YES;
				CLANG_WARN_UNGUARDED_AVAILABILITY = YES_AGGRESSIVE;
				CLANG_WARN_UNREACHABLE_CODE = YES;
				CLANG_WARN__DUPLICATE_METHOD_MATCH = YES;
				COPY_PHASE_STRIP = NO;
				CURRENT_PROJECT_VERSION = 1;
				DEBUG_INFORMATION_FORMAT = "dwarf-with-dsym";
				ENABLE_NS_ASSERTIONS = NO;
				ENABLE_STRICT_OBJC_MSGSEND = YES;
				ENABLE_USER_SCRIPT_SANDBOXING = YES;
				GCC_C_LANGUAGE_STANDARD = gnu17;
				GCC_NO_COMMON_BLOCKS = YES;
				GCC_WARN_64_TO_32_BIT_CONVERSION = YES;
				GCC_WARN_ABOUT_RETURN_TYPE = YES_ERROR;
				GCC_WARN_UNDECLARED_SELECTOR = YES;
				GCC_WARN_UNINITIALIZED_AUTOS = YES_AGGRESSIVE;
				GCC_WARN_UNUSED_FUNCTION = YES;
				GCC_WARN_UNUSED_VARIABLE = YES;
				IPHONEOS_DEPLOYMENT_TARGET = 17.5;
				LOCALIZATION_PREFERS_STRING_CATALOGS = YES;
				MTL_ENABLE_DEBUG_INFO = NO;
				MTL_FAST_MATH = YES;
				SDKROOT = iphoneos;
				SWIFT_COMPILATION_MODE = wholemodule;
				VALIDATE_PRODUCT = YES;
				VERSIONING_SYSTEM = "apple-generic";
				VERSION_INFO_PREFIX = "";
			};
			name = Release;
		};
		AF3E4E8D2C4CCB8B00C942F2 /* Debug */ = {
			isa = XCBuildConfiguration;
			buildSettings = {
				BUILD_LIBRARY_FOR_DISTRIBUTION = YES;
				CLANG_ENABLE_MODULES = YES;
				CODE_SIGN_STYLE = Automatic;
				CURRENT_PROJECT_VERSION = 1;
				DEFINES_MODULE = YES;
				DEVELOPMENT_TEAM = MNGAL283XP;
				DYLIB_COMPATIBILITY_VERSION = 1;
				DYLIB_CURRENT_VERSION = 1;
				DYLIB_INSTALL_NAME_BASE = "@rpath";
				ENABLE_MODULE_VERIFIER = YES;
				GENERATE_INFOPLIST_FILE = YES;
				INFOPLIST_KEY_NSHumanReadableCopyright = "";
				INSTALL_PATH = "$(LOCAL_LIBRARY_DIR)/Frameworks";
				IPHONEOS_DEPLOYMENT_TARGET = 17.0;
				LD_RUNPATH_SEARCH_PATHS = (
					"$(inherited)",
					"@executable_path/Frameworks",
					"@loader_path/Frameworks",
				);
				MARKETING_VERSION = 1.0;
				MODULE_VERIFIER_SUPPORTED_LANGUAGES = "objective-c objective-c++";
				MODULE_VERIFIER_SUPPORTED_LANGUAGE_STANDARDS = "gnu17 gnu++20";
				PRODUCT_BUNDLE_IDENTIFIER = id.nesd.HeroStats.Hero;
				PRODUCT_NAME = "$(TARGET_NAME:c99extidentifier)";
				SKIP_INSTALL = YES;
				SWIFT_EMIT_LOC_STRINGS = YES;
				SWIFT_INSTALL_OBJC_HEADER = NO;
				SWIFT_OPTIMIZATION_LEVEL = "-Onone";
				SWIFT_VERSION = 5.0;
				TARGETED_DEVICE_FAMILY = "1,2";
			};
			name = Debug;
		};
		AF3E4E8E2C4CCB8B00C942F2 /* Release */ = {
			isa = XCBuildConfiguration;
			buildSettings = {
				BUILD_LIBRARY_FOR_DISTRIBUTION = YES;
				CLANG_ENABLE_MODULES = YES;
				CODE_SIGN_STYLE = Automatic;
				CURRENT_PROJECT_VERSION = 1;
				DEFINES_MODULE = YES;
				DEVELOPMENT_TEAM = MNGAL283XP;
				DYLIB_COMPATIBILITY_VERSION = 1;
				DYLIB_CURRENT_VERSION = 1;
				DYLIB_INSTALL_NAME_BASE = "@rpath";
				ENABLE_MODULE_VERIFIER = YES;
				GENERATE_INFOPLIST_FILE = YES;
				INFOPLIST_KEY_NSHumanReadableCopyright = "";
				INSTALL_PATH = "$(LOCAL_LIBRARY_DIR)/Frameworks";
				IPHONEOS_DEPLOYMENT_TARGET = 17.0;
				LD_RUNPATH_SEARCH_PATHS = (
					"$(inherited)",
					"@executable_path/Frameworks",
					"@loader_path/Frameworks",
				);
				MARKETING_VERSION = 1.0;
				MODULE_VERIFIER_SUPPORTED_LANGUAGES = "objective-c objective-c++";
				MODULE_VERIFIER_SUPPORTED_LANGUAGE_STANDARDS = "gnu17 gnu++20";
				PRODUCT_BUNDLE_IDENTIFIER = id.nesd.HeroStats.Hero;
				PRODUCT_NAME = "$(TARGET_NAME:c99extidentifier)";
				SKIP_INSTALL = YES;
				SWIFT_EMIT_LOC_STRINGS = YES;
				SWIFT_INSTALL_OBJC_HEADER = NO;
				SWIFT_VERSION = 5.0;
				TARGETED_DEVICE_FAMILY = "1,2";
			};
			name = Release;
		};
		AF3E4E9C2C4CCD4500C942F2 /* Debug */ = {
			isa = XCBuildConfiguration;
			buildSettings = {
				BUILD_LIBRARY_FOR_DISTRIBUTION = NO;
				CLANG_ENABLE_MODULES = YES;
				CODE_SIGN_STYLE = Automatic;
				CURRENT_PROJECT_VERSION = 1;
				DEFINES_MODULE = YES;
				DEVELOPMENT_TEAM = MNGAL283XP;
				DYLIB_COMPATIBILITY_VERSION = 1;
				DYLIB_CURRENT_VERSION = 1;
				DYLIB_INSTALL_NAME_BASE = "@rpath";
				ENABLE_MODULE_VERIFIER = YES;
				GENERATE_INFOPLIST_FILE = YES;
				INFOPLIST_KEY_NSHumanReadableCopyright = "";
				INSTALL_PATH = "$(LOCAL_LIBRARY_DIR)/Frameworks";
				IPHONEOS_DEPLOYMENT_TARGET = 17.0;
				LD_RUNPATH_SEARCH_PATHS = (
					"$(inherited)",
					"@executable_path/Frameworks",
					"@loader_path/Frameworks",
				);
				MARKETING_VERSION = 1.0;
				MODULE_VERIFIER_SUPPORTED_LANGUAGES = "objective-c objective-c++";
				MODULE_VERIFIER_SUPPORTED_LANGUAGE_STANDARDS = "gnu17 gnu++20";
				PRODUCT_BUNDLE_IDENTIFIER = id.nesd.HeroStats.HeroIOS;
				PRODUCT_NAME = "$(TARGET_NAME:c99extidentifier)";
				SKIP_INSTALL = YES;
				SUPPORTED_PLATFORMS = "iphoneos iphonesimulator";
				SUPPORTS_MACCATALYST = NO;
				SUPPORTS_MAC_DESIGNED_FOR_IPHONE_IPAD = NO;
				SUPPORTS_XR_DESIGNED_FOR_IPHONE_IPAD = NO;
				SWIFT_EMIT_LOC_STRINGS = YES;
				SWIFT_INSTALL_OBJC_HEADER = NO;
				SWIFT_OPTIMIZATION_LEVEL = "-Onone";
				SWIFT_VERSION = 5.0;
				TARGETED_DEVICE_FAMILY = "1,2";
			};
			name = Debug;
		};
		AF3E4E9D2C4CCD4500C942F2 /* Release */ = {
			isa = XCBuildConfiguration;
			buildSettings = {
				BUILD_LIBRARY_FOR_DISTRIBUTION = NO;
				CLANG_ENABLE_MODULES = YES;
				CODE_SIGN_STYLE = Automatic;
				CURRENT_PROJECT_VERSION = 1;
				DEFINES_MODULE = YES;
				DEVELOPMENT_TEAM = MNGAL283XP;
				DYLIB_COMPATIBILITY_VERSION = 1;
				DYLIB_CURRENT_VERSION = 1;
				DYLIB_INSTALL_NAME_BASE = "@rpath";
				ENABLE_MODULE_VERIFIER = YES;
				GENERATE_INFOPLIST_FILE = YES;
				INFOPLIST_KEY_NSHumanReadableCopyright = "";
				INSTALL_PATH = "$(LOCAL_LIBRARY_DIR)/Frameworks";
				IPHONEOS_DEPLOYMENT_TARGET = 17.0;
				LD_RUNPATH_SEARCH_PATHS = (
					"$(inherited)",
					"@executable_path/Frameworks",
					"@loader_path/Frameworks",
				);
				MARKETING_VERSION = 1.0;
				MODULE_VERIFIER_SUPPORTED_LANGUAGES = "objective-c objective-c++";
				MODULE_VERIFIER_SUPPORTED_LANGUAGE_STANDARDS = "gnu17 gnu++20";
				PRODUCT_BUNDLE_IDENTIFIER = id.nesd.HeroStats.HeroIOS;
				PRODUCT_NAME = "$(TARGET_NAME:c99extidentifier)";
				SKIP_INSTALL = YES;
				SUPPORTED_PLATFORMS = "iphoneos iphonesimulator";
				SUPPORTS_MACCATALYST = NO;
				SUPPORTS_MAC_DESIGNED_FOR_IPHONE_IPAD = NO;
				SUPPORTS_XR_DESIGNED_FOR_IPHONE_IPAD = NO;
				SWIFT_EMIT_LOC_STRINGS = YES;
				SWIFT_INSTALL_OBJC_HEADER = NO;
				SWIFT_VERSION = 5.0;
				TARGETED_DEVICE_FAMILY = "1,2";
			};
			name = Release;
		};
/* End XCBuildConfiguration section */

/* Begin XCConfigurationList section */
		AF3E4E7F2C4CCB8B00C942F2 /* Build configuration list for PBXProject "Hero" */ = {
			isa = XCConfigurationList;
			buildConfigurations = (
				AF3E4E8A2C4CCB8B00C942F2 /* Debug */,
				AF3E4E8B2C4CCB8B00C942F2 /* Release */,
			);
			defaultConfigurationIsVisible = 0;
			defaultConfigurationName = Release;
		};
		AF3E4E8C2C4CCB8B00C942F2 /* Build configuration list for PBXNativeTarget "Hero" */ = {
			isa = XCConfigurationList;
			buildConfigurations = (
				AF3E4E8D2C4CCB8B00C942F2 /* Debug */,
				AF3E4E8E2C4CCB8B00C942F2 /* Release */,
			);
			defaultConfigurationIsVisible = 0;
			defaultConfigurationName = Release;
		};
		AF3E4E9B2C4CCD4500C942F2 /* Build configuration list for PBXNativeTarget "HeroIOS" */ = {
			isa = XCConfigurationList;
			buildConfigurations = (
				AF3E4E9C2C4CCD4500C942F2 /* Debug */,
				AF3E4E9D2C4CCD4500C942F2 /* Release */,
			);
			defaultConfigurationIsVisible = 0;
			defaultConfigurationName = Release;
		};
/* End XCConfigurationList section */

/* Begin XCRemoteSwiftPackageReference section */
		AF3E4EDD2C4D533900C942F2 /* XCRemoteSwiftPackageReference "Kingfisher" */ = {
			isa = XCRemoteSwiftPackageReference;
			repositoryURL = "https://github.com/onevcat/Kingfisher";
			requirement = {
				kind = upToNextMajorVersion;
				minimumVersion = 7.12.0;
			};
		};
/* End XCRemoteSwiftPackageReference section */

/* Begin XCSwiftPackageProductDependency section */
		AF3E4EDE2C4D533900C942F2 /* Kingfisher */ = {
			isa = XCSwiftPackageProductDependency;
			package = AF3E4EDD2C4D533900C942F2 /* XCRemoteSwiftPackageReference "Kingfisher" */;
			productName = Kingfisher;
		};
/* End XCSwiftPackageProductDependency section */
	};
	rootObject = AF3E4E7C2C4CCB8B00C942F2 /* Project object */;
}
